// !$*UTF8*$!
{
	archiveVersion = 1;
	classes = {
	};
	objectVersion = 50;
	objects = {

/* Begin PBXBuildFile section */
		DA83CF6E2503E55E00924028 /* AppDelegate.swift in Sources */ = {isa = PBXBuildFile; fileRef = DA83CF6D2503E55E00924028 /* AppDelegate.swift */; };
		DA83CF702503E55E00924028 /* SceneDelegate.swift in Sources */ = {isa = PBXBuildFile; fileRef = DA83CF6F2503E55E00924028 /* SceneDelegate.swift */; };
		DA83CF722503E55E00924028 /* ContentView.swift in Sources */ = {isa = PBXBuildFile; fileRef = DA83CF712503E55E00924028 /* ContentView.swift */; };
		DA83CF742503E55F00924028 /* Assets.xcassets in Resources */ = {isa = PBXBuildFile; fileRef = DA83CF732503E55F00924028 /* Assets.xcassets */; };
		DA83CF772503E55F00924028 /* Preview Assets.xcassets in Resources */ = {isa = PBXBuildFile; fileRef = DA83CF762503E55F00924028 /* Preview Assets.xcassets */; };
		DA83CF7A2503E55F00924028 /* LaunchScreen.storyboard in Resources */ = {isa = PBXBuildFile; fileRef = DA83CF782503E55F00924028 /* LaunchScreen.storyboard */; };
		DA83CF822503E59E00924028 /* StorePurchaseHelper.swift in Sources */ = {isa = PBXBuildFile; fileRef = DA83CF812503E59E00924028 /* StorePurchaseHelper.swift */; };
/* End PBXBuildFile section */

/* Begin PBXFileReference section */
		DA83CF6A2503E55E00924028 /* StoreKitTesting.app */ = {isa = PBXFileReference; explicitFileType = wrapper.application; includeInIndex = 0; path = StoreKitTesting.app; sourceTree = BUILT_PRODUCTS_DIR; };
		DA83CF6D2503E55E00924028 /* AppDelegate.swift */ = {isa = PBXFileReference; lastKnownFileType = sourcecode.swift; path = AppDelegate.swift; sourceTree = "<group>"; };
		DA83CF6F2503E55E00924028 /* SceneDelegate.swift */ = {isa = PBXFileReference; lastKnownFileType = sourcecode.swift; path = SceneDelegate.swift; sourceTree = "<group>"; };
		DA83CF712503E55E00924028 /* ContentView.swift */ = {isa = PBXFileReference; lastKnownFileType = sourcecode.swift; path = ContentView.swift; sourceTree = "<group>"; };
		DA83CF732503E55F00924028 /* Assets.xcassets */ = {isa = PBXFileReference; lastKnownFileType = folder.assetcatalog; path = Assets.xcassets; sourceTree = "<group>"; };
		DA83CF762503E55F00924028 /* Preview Assets.xcassets */ = {isa = PBXFileReference; lastKnownFileType = folder.assetcatalog; path = "Preview Assets.xcassets"; sourceTree = "<group>"; };
		DA83CF792503E55F00924028 /* Base */ = {isa = PBXFileReference; lastKnownFileType = file.storyboard; name = Base; path = Base.lproj/LaunchScreen.storyboard; sourceTree = "<group>"; };
		DA83CF7B2503E55F00924028 /* Info.plist */ = {isa = PBXFileReference; lastKnownFileType = text.plist.xml; path = Info.plist; sourceTree = "<group>"; };
		DA83CF812503E59E00924028 /* StorePurchaseHelper.swift */ = {isa = PBXFileReference; lastKnownFileType = sourcecode.swift; path = StorePurchaseHelper.swift; sourceTree = "<group>"; };
		DA83CF832503F0EC00924028 /* Configuration.storekit */ = {isa = PBXFileReference; lastKnownFileType = text; path = Configuration.storekit; sourceTree = "<group>"; };
/* End PBXFileReference section */

/* Begin PBXFrameworksBuildPhase section */
		DA83CF672503E55E00924028 /* Frameworks */ = {
			isa = PBXFrameworksBuildPhase;
			buildActionMask = 2147483647;
			files = (
			);
			runOnlyForDeploymentPostprocessing = 0;
		};
/* End PBXFrameworksBuildPhase section */

/* Begin PBXGroup section */
		DA83CF612503E55E00924028 = {
			isa = PBXGroup;
			children = (
				DA83CF6C2503E55E00924028 /* StoreKitTesting */,
				DA83CF6B2503E55E00924028 /* Products */,
			);
			sourceTree = "<group>";
		};
		DA83CF6B2503E55E00924028 /* Products */ = {
			isa = PBXGroup;
			children = (
				DA83CF6A2503E55E00924028 /* StoreKitTesting.app */,
			);
			name = Products;
			sourceTree = "<group>";
		};
		DA83CF6C2503E55E00924028 /* StoreKitTesting */ = {
			isa = PBXGroup;
			children = (
				DA83CF6D2503E55E00924028 /* AppDelegate.swift */,
				DA83CF6F2503E55E00924028 /* SceneDelegate.swift */,
				DA83CF712503E55E00924028 /* ContentView.swift */,
				DA83CF812503E59E00924028 /* StorePurchaseHelper.swift */,
				DA83CF832503F0EC00924028 /* Configuration.storekit */,
				DA83CF732503E55F00924028 /* Assets.xcassets */,
				DA83CF782503E55F00924028 /* LaunchScreen.storyboard */,
				DA83CF7B2503E55F00924028 /* Info.plist */,
				DA83CF752503E55F00924028 /* Preview Content */,
			);
			path = StoreKitTesting;
			sourceTree = "<group>";
		};
		DA83CF752503E55F00924028 /* Preview Content */ = {
			isa = PBXGroup;
			children = (
				DA83CF762503E55F00924028 /* Preview Assets.xcassets */,
			);
			path = "Preview Content";
			sourceTree = "<group>";
		};
/* End PBXGroup section */

/* Begin PBXNativeTarget section */
		DA83CF692503E55E00924028 /* StoreKitTesting */ = {
			isa = PBXNativeTarget;
			buildConfigurationList = DA83CF7E2503E55F00924028 /* Build configuration list for PBXNativeTarget "StoreKitTesting" */;
			buildPhases = (
				DA83CF662503E55E00924028 /* Sources */,
				DA83CF672503E55E00924028 /* Frameworks */,
				DA83CF682503E55E00924028 /* Resources */,
			);
			buildRules = (
			);
			dependencies = (
			);
			name = StoreKitTesting;
			productName = StoreKitTesting;
			productReference = DA83CF6A2503E55E00924028 /* StoreKitTesting.app */;
			productType = "com.apple.product-type.application";
		};
/* End PBXNativeTarget section */

/* Begin PBXProject section */
		DA83CF622503E55E00924028 /* Project object */ = {
			isa = PBXProject;
			attributes = {
				LastSwiftUpdateCheck = 1200;
				LastUpgradeCheck = 1200;
				TargetAttributes = {
					DA83CF692503E55E00924028 = {
						CreatedOnToolsVersion = 12.0;
					};
				};
			};
			buildConfigurationList = DA83CF652503E55E00924028 /* Build configuration list for PBXProject "StoreKitTesting" */;
			compatibilityVersion = "Xcode 9.3";
			developmentRegion = en;
			hasScannedForEncodings = 0;
			knownRegions = (
				en,
				Base,
			);
			mainGroup = DA83CF612503E55E00924028;
			productRefGroup = DA83CF6B2503E55E00924028 /* Products */;
			projectDirPath = "";
			projectRoot = "";
			targets = (
				DA83CF692503E55E00924028 /* StoreKitTesting */,
			);
		};
/* End PBXProject section */

/* Begin PBXResourcesBuildPhase section */
		DA83CF682503E55E00924028 /* Resources */ = {
			isa = PBXResourcesBuildPhase;
			buildActionMask = 2147483647;
			files = (
				DA83CF7A2503E55F00924028 /* LaunchScreen.storyboard in Resources */,
				DA83CF772503E55F00924028 /* Preview Assets.xcassets in Resources */,
				DA83CF742503E55F00924028 /* Assets.xcassets in Resources */,
			);
			runOnlyForDeploymentPostprocessing = 0;
		};
/* End PBXResourcesBuildPhase section */

/* Begin PBXSourcesBuildPhase section */
		DA83CF662503E55E00924028 /* Sources */ = {
			isa = PBXSourcesBuildPhase;
			buildActionMask = 2147483647;
			files = (
				DA83CF822503E59E00924028 /* StorePurchaseHelper.swift in Sources */,
				DA83CF6E2503E55E00924028 /* AppDelegate.swift in Sources */,
				DA83CF702503E55E00924028 /* SceneDelegate.swift in Sources */,
				DA83CF722503E55E00924028 /* ContentView.swift in Sources */,
			);
			runOnlyForDeploymentPostprocessing = 0;
		};
/* End PBXSourcesBuildPhase section */

/* Begin PBXVariantGroup section */
		DA83CF782503E55F00924028 /* LaunchScreen.storyboard */ = {
			isa = PBXVariantGroup;
			children = (
				DA83CF792503E55F00924028 /* Base */,
			);
			name = LaunchScreen.storyboard;
			sourceTree = "<group>";
		};
/* End PBXVariantGroup section */

/* Begin XCBuildConfiguration section */
		DA83CF7C2503E55F00924028 /* Debug */ = {
			isa = XCBuildConfiguration;
			buildSettings = {
				ALWAYS_SEARCH_USER_PATHS = NO;
				CLANG_ANALYZER_NONNULL = YES;
				CLANG_ANALYZER_NUMBER_OBJECT_CONVERSION = YES_AGGRESSIVE;
				CLANG_CXX_LANGUAGE_STANDARD = "gnu++14";
				CLANG_CXX_LIBRARY = "libc++";
				CLANG_ENABLE_MODULES = YES;
				CLANG_ENABLE_OBJC_ARC = YES;
				CLANG_ENABLE_OBJC_WEAK = YES;
				CLANG_WARN_BLOCK_CAPTURE_AUTORELEASING = YES;
				CLANG_WARN_BOOL_CONVERSION = YES;
				CLANG_WARN_COMMA = YES;
				CLANG_WARN_CONSTANT_CONVERSION = YES;
				CLANG_WARN_DEPRECATED_OBJC_IMPLEMENTATIONS = YES;
				CLANG_WARN_DIRECT_OBJC_ISA_USAGE = YES_ERROR;
				CLANG_WARN_DOCUMENTATION_COMMENTS = YES;
				CLANG_WARN_EMPTY_BODY = YES;
				CLANG_WARN_ENUM_CONVERSION = YES;
				CLANG_WARN_INFINITE_RECURSION = YES;
				CLANG_WARN_INT_CONVERSION = YES;
				CLANG_WARN_NON_LITERAL_NULL_CONVERSION = YES;
				CLANG_WARN_OBJC_IMPLICIT_RETAIN_SELF = YES;
				CLANG_WARN_OBJC_LITERAL_CONVERSION = YES;
				CLANG_WARN_OBJC_ROOT_CLASS = YES_ERROR;
				CLANG_WARN_QUOTED_INCLUDE_IN_FRAMEWORK_HEADER = YES;
				CLANG_WARN_RANGE_LOOP_ANALYSIS = YES;
				CLANG_WARN_STRICT_PROTOTYPES = YES;
				CLANG_WARN_SUSPICIOUS_MOVE = YES;
				CLANG_WARN_UNGUARDED_AVAILABILITY = YES_AGGRESSIVE;
				CLANG_WARN_UNREACHABLE_CODE = YES;
				CLANG_WARN__DUPLICATE_METHOD_MATCH = YES;
				COPY_PHASE_STRIP = NO;
				DEBUG_INFORMATION_FORMAT = dwarf;
				ENABLE_STRICT_OBJC_MSGSEND = YES;
				ENABLE_TESTABILITY = YES;
				GCC_C_LANGUAGE_STANDARD = gnu11;
				GCC_DYNAMIC_NO_PIC = NO;
				GCC_NO_COMMON_BLOCKS = YES;
				GCC_OPTIMIZATION_LEVEL = 0;
				GCC_PREPROCESSOR_DEFINITIONS = (
					"DEBUG=1",
					"$(inherited)",
				);
				GCC_WARN_64_TO_32_BIT_CONVERSION = YES;
				GCC_WARN_ABOUT_RETURN_TYPE = YES_ERROR;
				GCC_WARN_UNDECLARED_SELECTOR = YES;
				GCC_WARN_UNINITIALIZED_AUTOS = YES_AGGRESSIVE;
				GCC_WARN_UNUSED_FUNCTION = YES;
				GCC_WARN_UNUSED_VARIABLE = YES;
				IPHONEOS_DEPLOYMENT_TARGET = 14.0;
				MTL_ENABLE_DEBUG_INFO = INCLUDE_SOURCE;
				MTL_FAST_MATH = YES;
				ONLY_ACTIVE_ARCH = YES;
				SDKROOT = iphoneos;
				SWIFT_ACTIVE_COMPILATION_CONDITIONS = DEBUG;
				SWIFT_OPTIMIZATION_LEVEL = "-Onone";
			};
			name = Debug;
		};
		DA83CF7D2503E55F00924028 /* Release */ = {
			isa = XCBuildConfiguration;
			buildSettings = {
				ALWAYS_SEARCH_USER_PATHS = NO;
				CLANG_ANALYZER_NONNULL = YES;
				CLANG_ANALYZER_NUMBER_OBJECT_CONVERSION = YES_AGGRESSIVE;
				CLANG_CXX_LANGUAGE_STANDARD = "gnu++14";
				CLANG_CXX_LIBRARY = "libc++";
				CLANG_ENABLE_MODULES = YES;
				CLANG_ENABLE_OBJC_ARC = YES;
				CLANG_ENABLE_OBJC_WEAK = YES;
				CLANG_WARN_BLOCK_CAPTURE_AUTORELEASING = YES;
				CLANG_WARN_BOOL_CONVERSION = YES;
				CLANG_WARN_COMMA = YES;
				CLANG_WARN_CONSTANT_CONVERSION = YES;
				CLANG_WARN_DEPRECATED_OBJC_IMPLEMENTATIONS = YES;
				CLANG_WARN_DIRECT_OBJC_ISA_USAGE = YES_ERROR;
				CLANG_WARN_DOCUMENTATION_COMMENTS = YES;
				CLANG_WARN_EMPTY_BODY = YES;
				CLANG_WARN_ENUM_CONVERSION = YES;
				CLANG_WARN_INFINITE_RECURSION = YES;
				CLANG_WARN_INT_CONVERSION = YES;
				CLANG_WARN_NON_LITERAL_NULL_CONVERSION = YES;
				CLANG_WARN_OBJC_IMPLICIT_RETAIN_SELF = YES;
				CLANG_WARN_OBJC_LITERAL_CONVERSION = YES;
				CLANG_WARN_OBJC_ROOT_CLASS = YES_ERROR;
				CLANG_WARN_QUOTED_INCLUDE_IN_FRAMEWORK_HEADER = YES;
				CLANG_WARN_RANGE_LOOP_ANALYSIS = YES;
				CLANG_WARN_STRICT_PROTOTYPES = YES;
				CLANG_WARN_SUSPICIOUS_MOVE = YES;
				CLANG_WARN_UNGUARDED_AVAILABILITY = YES_AGGRESSIVE;
				CLANG_WARN_UNREACHABLE_CODE = YES;
				CLANG_WARN__DUPLICATE_METHOD_MATCH = YES;
				COPY_PHASE_STRIP = NO;
				DEBUG_INFORMATION_FORMAT = "dwarf-with-dsym";
				ENABLE_NS_ASSERTIONS = NO;
				ENABLE_STRICT_OBJC_MSGSEND = YES;
				GCC_C_LANGUAGE_STANDARD = gnu11;
				GCC_NO_COMMON_BLOCKS = YES;
				GCC_WARN_64_TO_32_BIT_CONVERSION = YES;
				GCC_WARN_ABOUT_RETURN_TYPE = YES_ERROR;
				GCC_WARN_UNDECLARED_SELECTOR = YES;
				GCC_WARN_UNINITIALIZED_AUTOS = YES_AGGRESSIVE;
				GCC_WARN_UNUSED_FUNCTION = YES;
				GCC_WARN_UNUSED_VARIABLE = YES;
				IPHONEOS_DEPLOYMENT_TARGET = 14.0;
				MTL_ENABLE_DEBUG_INFO = NO;
				MTL_FAST_MATH = YES;
				SDKROOT = iphoneos;
				SWIFT_COMPILATION_MODE = wholemodule;
				SWIFT_OPTIMIZATION_LEVEL = "-O";
				VALIDATE_PRODUCT = YES;
			};
			name = Release;
		};
		DA83CF7F2503E55F00924028 /* Debug */ = {
			isa = XCBuildConfiguration;
			buildSettings = {
				ASSETCATALOG_COMPILER_APPICON_NAME = AppIcon;
				ASSETCATALOG_COMPILER_GLOBAL_ACCENT_COLOR_NAME = AccentColor;
				CODE_SIGN_STYLE = Automatic;
				DEVELOPMENT_ASSET_PATHS = "\"StoreKitTesting/Preview Content\"";
				DEVELOPMENT_TEAM = 9LFMJA3SC2;
				ENABLE_PREVIEWS = YES;
				INFOPLIST_FILE = StoreKitTesting/Info.plist;
				LD_RUNPATH_SEARCH_PATHS = (
					"$(inherited)",
					"@executable_path/Frameworks",
				);
				PRODUCT_BUNDLE_IDENTIFIER = com.ShunzheMa.StoreKitTesting;
				PRODUCT_NAME = "$(TARGET_NAME)";
				SWIFT_VERSION = 5.0;
				TARGETED_DEVICE_FAMILY = "1,2";
			};
			name = Debug;
		};
		DA83CF802503E55F00924028 /* Release */ = {
			isa = XCBuildConfiguration;
			buildSettings = {
				ASSETCATALOG_COMPILER_APPICON_NAME = AppIcon;
				ASSETCATALOG_COMPILER_GLOBAL_ACCENT_COLOR_NAME = AccentColor;
				CODE_SIGN_STYLE = Automatic;
				DEVELOPMENT_ASSET_PATHS = "\"StoreKitTesting/Preview Content\"";
				DEVELOPMENT_TEAM = 9LFMJA3SC2;
				ENABLE_PREVIEWS = YES;
				INFOPLIST_FILE = StoreKitTesting/Info.plist;
				LD_RUNPATH_SEARCH_PATHS = (
					"$(inherited)",
					"@executable_path/Frameworks",
				);
				PRODUCT_BUNDLE_IDENTIFIER = com.ShunzheMa.StoreKitTesting;
				PRODUCT_NAME = "$(TARGET_NAME)";
				SWIFT_VERSION = 5.0;
				TARGETED_DEVICE_FAMILY = "1,2";
			};
			name = Release;
		};
/* End XCBuildConfiguration section */

/* Begin XCConfigurationList section */
		DA83CF652503E55E00924028 /* Build configuration list for PBXProject "StoreKitTesting" */ = {
			isa = XCConfigurationList;
			buildConfigurations = (
				DA83CF7C2503E55F00924028 /* Debug */,
				DA83CF7D2503E55F00924028 /* Release */,
			);
			defaultConfigurationIsVisible = 0;
			defaultConfigurationName = Release;
		};
		DA83CF7E2503E55F00924028 /* Build configuration list for PBXNativeTarget "StoreKitTesting" */ = {
			isa = XCConfigurationList;
			buildConfigurations = (
				DA83CF7F2503E55F00924028 /* Debug */,
				DA83CF802503E55F00924028 /* Release */,
			);
			defaultConfigurationIsVisible = 0;
			defaultConfigurationName = Release;
		};
/* End XCConfigurationList section */
	};
	rootObject = DA83CF622503E55E00924028 /* Project object */;
}
